
Microsoft Visual Studio Solution File, Format Version 9.00
# Visual Studio 2005
Project("{FAE04EC0-301F-11D3-BF4B-00C04F79EFBC}") = "SAPKantar", "SAPKantar\SAPKantar.csproj", "{1969B815-D95E-43D5-9CF8-20714AC24AA5}"
EndProject
Project("{FAE04EC0-301F-11D3-BF4B-00C04F79EFBC}") = "SAPKantarTestApp", "SAPKantarTestApp\SAPKantarTestApp.csproj", "{626D2F07-FF9D-4C69-B5C6-F60C028488DB}"
EndProject
Global
	GlobalSection(SolutionConfigurationPlatforms) = preSolution
		Debug|Any CPU = Debug|Any CPU
		Release|Any CPU = Release|Any CPU
	EndGlobalSection
	GlobalSection(ProjectConfigurationPlatforms) = postSolution
		{1969B815-D95E-43D5-9CF8-20714AC24AA5}.Debug|Any CPU.ActiveCfg = Debug|Any CPU
		{1969B815-D95E-43D5-9CF8-20714AC24AA5}.Debug|Any CPU.Build.0 = Debug|Any CPU
		{1969B815-D95E-43D5-9CF8-20714AC24AA5}.Release|Any CPU.ActiveCfg = Release|Any CPU
		{1969B815-D95E-43D5-9CF8-20714AC24AA5}.Release|Any CPU.Build.0 = Release|Any CPU
		{626D2F07-FF9D-4C69-B5C6-F60C028488DB}.Debug|Any CPU.ActiveCfg = Debug|Any CPU
		{626D2F07-FF9D-4C69-B5C6-F60C028488DB}.Debug|Any CPU.Build.0 = Debug|Any CPU
		{626D2F07-FF9D-4C69-B5C6-F60C028488DB}.Release|Any CPU.ActiveCfg = Release|Any CPU
		{626D2F07-FF9D-4C69-B5C6-F60C028488DB}.Release|Any CPU.Build.0 = Release|Any CPU
	EndGlobalSection
	GlobalSection(SolutionProperties) = preSolution
		HideSolutionNode = FALSE
	EndGlobalSection
EndGlobal
